
Microsoft Visual Studio Solution File, Format Version 12.00
# Visual Studio Version 17
VisualStudioVersion = 17.1.32210.238
MinimumVisualStudioVersion = 10.0.40219.1
Project("{9A19103F-16F7-4668-BE54-9A1E7A4F7556}") = "Core", "Core\Core.csproj", "{B58E083C-2883-4D21-859B-87CB867A1AEE}"
EndProject
Project("{FAE04EC0-301F-11D3-BF4B-00C04F79EFBC}") = "Entities", "Entities\Entities.csproj", "{AB7388E3-9D38-46E6-883E-6ECDAF2C8CA4}"
EndProject
Project("{FAE04EC0-301F-11D3-BF4B-00C04F79EFBC}") = "DataAccess", "DataAccess\DataAccess.csproj", "{B6F5F79E-C10C-43B3-A06E-E404E359B5CF}"
EndProject
Project("{FAE04EC0-301F-11D3-BF4B-00C04F79EFBC}") = "Business", "Business\Business.csproj", "{09608FE9-7BC7-4FBE-BF5F-1C9378952071}"
EndProject
Project("{FAE04EC0-301F-11D3-BF4B-00C04F79EFBC}") = "WebApi", "WebApi\WebApi.csproj", "{4092885C-732E-4B01-BAD4-E1E4112A0565}"
EndProject
Global
	GlobalSection(SolutionConfigurationPlatforms) = preSolution
		Debug|Any CPU = Debug|Any CPU
		Release|Any CPU = Release|Any CPU
	EndGlobalSection
	GlobalSection(ProjectConfigurationPlatforms) = postSolution
		{B58E083C-2883-4D21-859B-87CB867A1AEE}.Debug|Any CPU.ActiveCfg = Debug|Any CPU
		{B58E083C-2883-4D21-859B-87CB867A1AEE}.Debug|Any CPU.Build.0 = Debug|Any CPU
		{B58E083C-2883-4D21-859B-87CB867A1AEE}.Release|Any CPU.ActiveCfg = Release|Any CPU
		{B58E083C-2883-4D21-859B-87CB867A1AEE}.Release|Any CPU.Build.0 = Release|Any CPU
		{AB7388E3-9D38-46E6-883E-6ECDAF2C8CA4}.Debug|Any CPU.ActiveCfg = Debug|Any CPU
		{AB7388E3-9D38-46E6-883E-6ECDAF2C8CA4}.Debug|Any CPU.Build.0 = Debug|Any CPU
		{AB7388E3-9D38-46E6-883E-6ECDAF2C8CA4}.Release|Any CPU.ActiveCfg = Release|Any CPU
		{AB7388E3-9D38-46E6-883E-6ECDAF2C8CA4}.Release|Any CPU.Build.0 = Release|Any CPU
		{B6F5F79E-C10C-43B3-A06E-E404E359B5CF}.Debug|Any CPU.ActiveCfg = Debug|Any CPU
		{B6F5F79E-C10C-43B3-A06E-E404E359B5CF}.Debug|Any CPU.Build.0 = Debug|Any CPU
		{B6F5F79E-C10C-43B3-A06E-E404E359B5CF}.Release|Any CPU.ActiveCfg = Release|Any CPU
		{B6F5F79E-C10C-43B3-A06E-E404E359B5CF}.Release|Any CPU.Build.0 = Release|Any CPU
		{09608FE9-7BC7-4FBE-BF5F-1C9378952071}.Debug|Any CPU.ActiveCfg = Debug|Any CPU
		{09608FE9-7BC7-4FBE-BF5F-1C9378952071}.Debug|Any CPU.Build.0 = Debug|Any CPU
		{09608FE9-7BC7-4FBE-BF5F-1C9378952071}.Release|Any CPU.ActiveCfg = Release|Any CPU
		{09608FE9-7BC7-4FBE-BF5F-1C9378952071}.Release|Any CPU.Build.0 = Release|Any CPU
		{4092885C-732E-4B01-BAD4-E1E4112A0565}.Debug|Any CPU.ActiveCfg = Debug|Any CPU
		{4092885C-732E-4B01-BAD4-E1E4112A0565}.Debug|Any CPU.Build.0 = Debug|Any CPU
		{4092885C-732E-4B01-BAD4-E1E4112A0565}.Release|Any CPU.ActiveCfg = Release|Any CPU
		{4092885C-732E-4B01-BAD4-E1E4112A0565}.Release|Any CPU.Build.0 = Release|Any CPU
	EndGlobalSection
	GlobalSection(SolutionProperties) = preSolution
		HideSolutionNode = FALSE
	EndGlobalSection
	GlobalSection(ExtensibilityGlobals) = postSolution
		SolutionGuid = {080B5142-F69D-475F-9CED-CF4836E2191B}
	EndGlobalSection
EndGlobal
